# THIS IS AN AUTOGENERATED FILE. DO NOT EDIT THIS FILE DIRECTLY.
# yarn lockfile v1


bump@^0.2.5:
  version "0.2.5"
  resolved "https://registry.yarnpkg.com/bump/-/bump-0.2.5.tgz#16d5567b75e77ea6597a805c10294c578495b47b"
  integrity sha512-d4CZYvcP317+twjo7PhGd+EptYjvw83itgaxbJtJnHE64qH29qMtqAQ5vb3x3Su7WuaPjow88GBgp0FDBxbm8w==

user@^0.0.0:
  version "0.0.0"
  resolved "https://registry.yarnpkg.com/user/-/user-0.0.0.tgz#f27f1b23fc511f2a8efa40db55cfba123824e02a"
  integrity sha512-eRNM5isOvr6aEFAGi1CqAkmLkYxW2NJ5ThhbD+6IJXYKM1mo7Gtxx4mQIveHz/5K3p/SVnlW9k17ETn+QAu8IQ==
